
Microsoft Visual Studio Solution File, Format Version 12.00
# Visual Studio Version 17
VisualStudioVersion = 17.8.34309.116
MinimumVisualStudioVersion = 10.0.40219.1
Project("{9A19103F-16F7-4668-BE54-9A1E7A4F7556}") = "IFoxCAD.AutoCad", "IFoxCAD.AutoCad\IFoxCAD.AutoCad.csproj", "{6B29955A-5796-4035-9297-210FA15D3846}"
EndProject
Project("{9A19103F-16F7-4668-BE54-9A1E7A4F7556}") = "Test", "Test\Test.csproj", "{0C01F295-0985-436B-A15D-228877C60F1D}"
EndProject
Project("{D954291E-2A0B-460D-934E-DC6B0785DB48}") = "CADShared", "CADShared\CADShared.shproj", "{5178502E-9A78-4588-B849-33ED439976B2}"
EndProject
Global
	GlobalSection(SolutionConfigurationPlatforms) = preSolution
		Debug|Any CPU = Debug|Any CPU
		Release|Any CPU = Release|Any CPU
	EndGlobalSection
	GlobalSection(ProjectConfigurationPlatforms) = postSolution
		{6B29955A-5796-4035-9297-210FA15D3846}.Debug|Any CPU.ActiveCfg = Debug|Any CPU
		{6B29955A-5796-4035-9297-210FA15D3846}.Debug|Any CPU.Build.0 = Debug|Any CPU
		{6B29955A-5796-4035-9297-210FA15D3846}.Release|Any CPU.ActiveCfg = Release|Any CPU
		{6B29955A-5796-4035-9297-210FA15D3846}.Release|Any CPU.Build.0 = Release|Any CPU
		{0C01F295-0985-436B-A15D-228877C60F1D}.Debug|Any CPU.ActiveCfg = Debug|Any CPU
		{0C01F295-0985-436B-A15D-228877C60F1D}.Debug|Any CPU.Build.0 = Debug|Any CPU
		{0C01F295-0985-436B-A15D-228877C60F1D}.Release|Any CPU.ActiveCfg = Release|Any CPU
		{0C01F295-0985-436B-A15D-228877C60F1D}.Release|Any CPU.Build.0 = Release|Any CPU
	EndGlobalSection
	GlobalSection(SolutionProperties) = preSolution
		HideSolutionNode = FALSE
	EndGlobalSection
	GlobalSection(ExtensibilityGlobals) = postSolution
		SolutionGuid = {57CA0128-08DE-436F-B9F1-82C64F49BF67}
	EndGlobalSection
	GlobalSection(SharedMSBuildProjectFiles) = preSolution
		CADShared\CADShared.projitems*{5178502e-9a78-4588-b849-33ed439976b2}*SharedItemsImports = 13
		CADShared\CADShared.projitems*{6b29955a-5796-4035-9297-210fa15d3846}*SharedItemsImports = 5
	EndGlobalSection
EndGlobal
