
Microsoft Visual Studio Solution File, Format Version 12.00
# Visual Studio Version 17
VisualStudioVersion = 17.8.34309.116
MinimumVisualStudioVersion = 10.0.40219.1
Project("{2150E333-8FDC-42A3-9474-1A3956D46DE8}") = "src", "src", "{AE09C3B7-58AC-4A68-9884-1F93FDA5D785}"
	ProjectSection(SolutionItems) = preProject
		src\Directory.Build.props = src\Directory.Build.props
	EndProjectSection
EndProject
Project("{D954291E-2A0B-460D-934E-DC6B0785DB48}") = "CADShared", "src\CADShared\CADShared.shproj", "{5178502E-9A78-4588-B849-33ED439976B2}"
EndProject
Project("{2150E333-8FDC-42A3-9474-1A3956D46DE8}") = "tests", "tests", "{46F3EDA8-A6D1-4707-8D03-731CADB41A56}"
EndProject
Project("{FAE04EC0-301F-11D3-BF4B-00C04F79EFBC}") = "TestAcad2025", "tests\TestAcad2025\TestAcad2025.csproj", "{47C42AB4-C2F4-475B-899C-71FDE57D926E}"
EndProject
Project("{2150E333-8FDC-42A3-9474-1A3956D46DE8}") = "docs", "docs", "{7145708C-A65B-470E-A8DA-ED79AC9A42D7}"
	ProjectSection(SolutionItems) = preProject
		docs\关于IFoxCAD的架构说明.md = docs\关于IFoxCAD的架构说明.md
		编译说明.md = 编译说明.md
	EndProjectSection
EndProject
Project("{D954291E-2A0B-460D-934E-DC6B0785DB48}") = "TestShared", "tests\TestShared\TestShared.shproj", "{CED63D2D-0AF6-4831-806D-5E8E9B0D0A07}"
EndProject
Project("{2150E333-8FDC-42A3-9474-1A3956D46DE8}") = "workflows", "workflows", "{02EA681E-C7D8-13C7-8484-4AC65E1B71E8}"
	ProjectSection(SolutionItems) = preProject
		.github\workflows\build-and-deploy.md = .github\workflows\build-and-deploy.md
		.github\workflows\build-and-deploy.yml = .github\workflows\build-and-deploy.yml
		.github\workflows\release.md = .github\workflows\release.md
		.github\workflows\release.yml = .github\workflows\release.yml
	EndProjectSection
EndProject
Project("{FAE04EC0-301F-11D3-BF4B-00C04F79EFBC}") = "TestZcad2022", "tests\TestZcad2022\TestZcad2022.csproj", "{5D6E7F8A-9B0C-1D2E-3F4A-5B6C7D8E9F0A}"
EndProject
Project("{FAE04EC0-301F-11D3-BF4B-00C04F79EFBC}") = "TestZcad2025", "tests\TestZcad2025\TestZcad2025.csproj", "{0D666D1D-AF07-3129-6E6C-D801558E5667}"
EndProject
Project("{FAE04EC0-301F-11D3-BF4B-00C04F79EFBC}") = "TestAcad2019", "tests\TestAcad2019\TestAcad2019.csproj", "{DBEC8790-AC05-0884-60AD-84A0A93B4165}"
EndProject
Project("{FAE04EC0-301F-11D3-BF4B-00C04F79EFBC}") = "Fs.Fox.AutoCad2019", "src\Fs.Fox.AutoCad2019\Fs.Fox.AutoCad2019.csproj", "{0F7C0562-E3CD-9F4D-8BE3-CC1235B70D44}"
EndProject
Project("{FAE04EC0-301F-11D3-BF4B-00C04F79EFBC}") = "Fs.Fox.AutoCad2025", "src\Fs.Fox.AutoCad2025\Fs.Fox.AutoCad2025.csproj", "{C7030DC8-24BC-312C-56D2-406D1403D45A}"
EndProject
Project("{FAE04EC0-301F-11D3-BF4B-00C04F79EFBC}") = "Fs.Fox.ZwCad2022", "src\Fs.Fox.ZwCad2022\Fs.Fox.ZwCad2022.csproj", "{5F800223-DBD6-8077-CA61-EC644D6958AA}"
EndProject
Project("{FAE04EC0-301F-11D3-BF4B-00C04F79EFBC}") = "Fs.Fox.ZwCad2025", "src\Fs.Fox.ZwCad2025\Fs.Fox.ZwCad2025.csproj", "{DA70CC85-EF3A-DCD7-82E8-0F5DD38E3CC3}"
EndProject
Project("{FAE04EC0-301F-11D3-BF4B-00C04F79EFBC}") = "Fs.Fox.Gcad2022", "src\Fs.Fox.Gcad2022\Fs.Fox.Gcad2022.csproj", "{A1B2C3D4-E5F6-7890-ABCD-EF1234567890}"
EndProject
Project("{FAE04EC0-301F-11D3-BF4B-00C04F79EFBC}") = "Fs.Fox.Gcad2023", "src\Fs.Fox.Gcad2023\Fs.Fox.Gcad2023.csproj", "{B2C3D4E5-F6A7-8901-BCDE-F12345678901}"
EndProject
Project("{FAE04EC0-301F-11D3-BF4B-00C04F79EFBC}") = "Fs.Fox.Gcad2026", "src\Fs.Fox.Gcad2026\Fs.Fox.Gcad2026.csproj", "{C3D4E5F6-A7B8-9012-CDEF-123456789012}"
EndProject
Project("{FAE04EC0-301F-11D3-BF4B-00C04F79EFBC}") = "TestGcad2022", "tests\TestGcad2022\TestGcad2022.csproj", "{D4E5F6A7-B8C9-0123-DEFA-234567890123}"
EndProject
Project("{FAE04EC0-301F-11D3-BF4B-00C04F79EFBC}") = "TestGcad2023", "tests\TestGcad2023\TestGcad2023.csproj", "{E5F6A7B8-C9D0-1234-EFAB-345678901234}"
EndProject
Project("{FAE04EC0-301F-11D3-BF4B-00C04F79EFBC}") = "TestGcad2026", "tests\TestGcad2026\TestGcad2026.csproj", "{F6A7B8C9-D0E1-2345-FABC-456789012345}"
EndProject
Project("{2150E333-8FDC-42A3-9474-1A3956D46DE8}") = "tools", "tools", "{07C2787E-EAC7-C090-1BA3-A61EC2A24D84}"
EndProject
Project("{2150E333-8FDC-42A3-9474-1A3956D46DE8}") = "CadDiagnostics", "CadDiagnostics", "{1399412A-6A45-1434-E915-9AD4219CBEC8}"
EndProject
Project("{D954291E-2A0B-460D-934E-DC6B0785DB48}") = "CADDiagnosticsShared", "tools\CadDiagnostics\CADDiagnosticsShared\CADDiagnosticsShared.shproj", "{F13A7B63-A520-46C9-AB5D-919036EE664A}"
EndProject
Project("{D954291E-2A0B-460D-934E-DC6B0785DB48}") = "CADDiagnostics.AutoCadShared", "tools\CadDiagnostics\Platforms\AutoCad\CADDiagnostics.AutoCadShared.shproj", "{8D697525-C88E-4BDE-BE9A-0282E5C90EF3}"
EndProject
Project("{FAE04EC0-301F-11D3-BF4B-00C04F79EFBC}") = "Fs.Fox.CAD.Diagnostics.AutoCad2019", "tools\CadDiagnostics\Fs.Fox.CAD.Diagnostics.AutoCad2019\Fs.Fox.CAD.Diagnostics.AutoCad2019.csproj", "{47721D1E-436C-4C07-B0EA-77B9F4EBB52E}"
EndProject
Project("{FAE04EC0-301F-11D3-BF4B-00C04F79EFBC}") = "Fs.Fox.CAD.Diagnostics.AutoCad2025", "tools\CadDiagnostics\Fs.Fox.CAD.Diagnostics.AutoCad2025\Fs.Fox.CAD.Diagnostics.AutoCad2025.csproj", "{DBA4A590-35D7-43E9-9A8D-C73743F0F2F5}"
EndProject
Global
	GlobalSection(SolutionConfigurationPlatforms) = preSolution
		Debug|Any CPU = Debug|Any CPU
		Release|Any CPU = Release|Any CPU
	EndGlobalSection
	GlobalSection(ProjectConfigurationPlatforms) = postSolution
		{47C42AB4-C2F4-475B-899C-71FDE57D926E}.Debug|Any CPU.ActiveCfg = Debug|Any CPU
		{47C42AB4-C2F4-475B-899C-71FDE57D926E}.Debug|Any CPU.Build.0 = Debug|Any CPU
		{47C42AB4-C2F4-475B-899C-71FDE57D926E}.Release|Any CPU.ActiveCfg = Release|Any CPU
		{47C42AB4-C2F4-475B-899C-71FDE57D926E}.Release|Any CPU.Build.0 = Release|Any CPU
		{5D6E7F8A-9B0C-1D2E-3F4A-5B6C7D8E9F0A}.Debug|Any CPU.ActiveCfg = Debug|Any CPU
		{5D6E7F8A-9B0C-1D2E-3F4A-5B6C7D8E9F0A}.Debug|Any CPU.Build.0 = Debug|Any CPU
		{5D6E7F8A-9B0C-1D2E-3F4A-5B6C7D8E9F0A}.Release|Any CPU.ActiveCfg = Release|Any CPU
		{5D6E7F8A-9B0C-1D2E-3F4A-5B6C7D8E9F0A}.Release|Any CPU.Build.0 = Release|Any CPU
		{0D666D1D-AF07-3129-6E6C-D801558E5667}.Debug|Any CPU.ActiveCfg = Debug|Any CPU
		{0D666D1D-AF07-3129-6E6C-D801558E5667}.Debug|Any CPU.Build.0 = Debug|Any CPU
		{0D666D1D-AF07-3129-6E6C-D801558E5667}.Release|Any CPU.ActiveCfg = Release|Any CPU
		{0D666D1D-AF07-3129-6E6C-D801558E5667}.Release|Any CPU.Build.0 = Release|Any CPU
		{DBEC8790-AC05-0884-60AD-84A0A93B4165}.Debug|Any CPU.ActiveCfg = Debug|Any CPU
		{DBEC8790-AC05-0884-60AD-84A0A93B4165}.Debug|Any CPU.Build.0 = Debug|Any CPU
		{DBEC8790-AC05-0884-60AD-84A0A93B4165}.Release|Any CPU.ActiveCfg = Release|Any CPU
		{DBEC8790-AC05-0884-60AD-84A0A93B4165}.Release|Any CPU.Build.0 = Release|Any CPU
		{0F7C0562-E3CD-9F4D-8BE3-CC1235B70D44}.Debug|Any CPU.ActiveCfg = Debug|Any CPU
		{0F7C0562-E3CD-9F4D-8BE3-CC1235B70D44}.Debug|Any CPU.Build.0 = Debug|Any CPU
		{0F7C0562-E3CD-9F4D-8BE3-CC1235B70D44}.Release|Any CPU.ActiveCfg = Release|Any CPU
		{0F7C0562-E3CD-9F4D-8BE3-CC1235B70D44}.Release|Any CPU.Build.0 = Release|Any CPU
		{C7030DC8-24BC-312C-56D2-406D1403D45A}.Debug|Any CPU.ActiveCfg = Debug|Any CPU
		{C7030DC8-24BC-312C-56D2-406D1403D45A}.Debug|Any CPU.Build.0 = Debug|Any CPU
		{C7030DC8-24BC-312C-56D2-406D1403D45A}.Release|Any CPU.ActiveCfg = Release|Any CPU
		{C7030DC8-24BC-312C-56D2-406D1403D45A}.Release|Any CPU.Build.0 = Release|Any CPU
		{5F800223-DBD6-8077-CA61-EC644D6958AA}.Debug|Any CPU.ActiveCfg = Debug|Any CPU
		{5F800223-DBD6-8077-CA61-EC644D6958AA}.Debug|Any CPU.Build.0 = Debug|Any CPU
		{5F800223-DBD6-8077-CA61-EC644D6958AA}.Release|Any CPU.ActiveCfg = Release|Any CPU
		{5F800223-DBD6-8077-CA61-EC644D6958AA}.Release|Any CPU.Build.0 = Release|Any CPU
		{DA70CC85-EF3A-DCD7-82E8-0F5DD38E3CC3}.Debug|Any CPU.ActiveCfg = Debug|Any CPU
		{DA70CC85-EF3A-DCD7-82E8-0F5DD38E3CC3}.Debug|Any CPU.Build.0 = Debug|Any CPU
		{DA70CC85-EF3A-DCD7-82E8-0F5DD38E3CC3}.Release|Any CPU.ActiveCfg = Release|Any CPU
		{DA70CC85-EF3A-DCD7-82E8-0F5DD38E3CC3}.Release|Any CPU.Build.0 = Release|Any CPU
		{A1B2C3D4-E5F6-7890-ABCD-EF1234567890}.Debug|Any CPU.ActiveCfg = Debug|Any CPU
		{A1B2C3D4-E5F6-7890-ABCD-EF1234567890}.Debug|Any CPU.Build.0 = Debug|Any CPU
		{A1B2C3D4-E5F6-7890-ABCD-EF1234567890}.Release|Any CPU.ActiveCfg = Release|Any CPU
		{A1B2C3D4-E5F6-7890-ABCD-EF1234567890}.Release|Any CPU.Build.0 = Release|Any CPU
		{B2C3D4E5-F6A7-8901-BCDE-F12345678901}.Debug|Any CPU.ActiveCfg = Debug|Any CPU
		{B2C3D4E5-F6A7-8901-BCDE-F12345678901}.Debug|Any CPU.Build.0 = Debug|Any CPU
		{B2C3D4E5-F6A7-8901-BCDE-F12345678901}.Release|Any CPU.ActiveCfg = Release|Any CPU
		{B2C3D4E5-F6A7-8901-BCDE-F12345678901}.Release|Any CPU.Build.0 = Release|Any CPU
		{C3D4E5F6-A7B8-9012-CDEF-123456789012}.Debug|Any CPU.ActiveCfg = Debug|Any CPU
		{C3D4E5F6-A7B8-9012-CDEF-123456789012}.Debug|Any CPU.Build.0 = Debug|Any CPU
		{C3D4E5F6-A7B8-9012-CDEF-123456789012}.Release|Any CPU.ActiveCfg = Release|Any CPU
		{C3D4E5F6-A7B8-9012-CDEF-123456789012}.Release|Any CPU.Build.0 = Release|Any CPU
		{D4E5F6A7-B8C9-0123-DEFA-234567890123}.Debug|Any CPU.ActiveCfg = Debug|Any CPU
		{D4E5F6A7-B8C9-0123-DEFA-234567890123}.Debug|Any CPU.Build.0 = Debug|Any CPU
		{D4E5F6A7-B8C9-0123-DEFA-234567890123}.Release|Any CPU.ActiveCfg = Release|Any CPU
		{D4E5F6A7-B8C9-0123-DEFA-234567890123}.Release|Any CPU.Build.0 = Release|Any CPU
		{E5F6A7B8-C9D0-1234-EFAB-345678901234}.Debug|Any CPU.ActiveCfg = Debug|Any CPU
		{E5F6A7B8-C9D0-1234-EFAB-345678901234}.Debug|Any CPU.Build.0 = Debug|Any CPU
		{E5F6A7B8-C9D0-1234-EFAB-345678901234}.Release|Any CPU.ActiveCfg = Release|Any CPU
		{E5F6A7B8-C9D0-1234-EFAB-345678901234}.Release|Any CPU.Build.0 = Release|Any CPU
		{F6A7B8C9-D0E1-2345-FABC-456789012345}.Debug|Any CPU.ActiveCfg = Debug|Any CPU
		{F6A7B8C9-D0E1-2345-FABC-456789012345}.Debug|Any CPU.Build.0 = Debug|Any CPU
		{F6A7B8C9-D0E1-2345-FABC-456789012345}.Release|Any CPU.ActiveCfg = Release|Any CPU
		{F6A7B8C9-D0E1-2345-FABC-456789012345}.Release|Any CPU.Build.0 = Release|Any CPU
		{47721D1E-436C-4C07-B0EA-77B9F4EBB52E}.Debug|Any CPU.ActiveCfg = Debug|Any CPU
		{47721D1E-436C-4C07-B0EA-77B9F4EBB52E}.Debug|Any CPU.Build.0 = Debug|Any CPU
		{47721D1E-436C-4C07-B0EA-77B9F4EBB52E}.Release|Any CPU.ActiveCfg = Release|Any CPU
		{47721D1E-436C-4C07-B0EA-77B9F4EBB52E}.Release|Any CPU.Build.0 = Release|Any CPU
		{DBA4A590-35D7-43E9-9A8D-C73743F0F2F5}.Debug|Any CPU.ActiveCfg = Debug|Any CPU
		{DBA4A590-35D7-43E9-9A8D-C73743F0F2F5}.Debug|Any CPU.Build.0 = Debug|Any CPU
		{DBA4A590-35D7-43E9-9A8D-C73743F0F2F5}.Release|Any CPU.ActiveCfg = Release|Any CPU
		{DBA4A590-35D7-43E9-9A8D-C73743F0F2F5}.Release|Any CPU.Build.0 = Release|Any CPU
	EndGlobalSection
	GlobalSection(SolutionProperties) = preSolution
		HideSolutionNode = FALSE
	EndGlobalSection
	GlobalSection(NestedProjects) = preSolution
		{5178502E-9A78-4588-B849-33ED439976B2} = {AE09C3B7-58AC-4A68-9884-1F93FDA5D785}
		{47C42AB4-C2F4-475B-899C-71FDE57D926E} = {46F3EDA8-A6D1-4707-8D03-731CADB41A56}
		{CED63D2D-0AF6-4831-806D-5E8E9B0D0A07} = {46F3EDA8-A6D1-4707-8D03-731CADB41A56}
		{5D6E7F8A-9B0C-1D2E-3F4A-5B6C7D8E9F0A} = {46F3EDA8-A6D1-4707-8D03-731CADB41A56}
		{0D666D1D-AF07-3129-6E6C-D801558E5667} = {46F3EDA8-A6D1-4707-8D03-731CADB41A56}
		{DBEC8790-AC05-0884-60AD-84A0A93B4165} = {46F3EDA8-A6D1-4707-8D03-731CADB41A56}
		{0F7C0562-E3CD-9F4D-8BE3-CC1235B70D44} = {AE09C3B7-58AC-4A68-9884-1F93FDA5D785}
		{C7030DC8-24BC-312C-56D2-406D1403D45A} = {AE09C3B7-58AC-4A68-9884-1F93FDA5D785}
		{5F800223-DBD6-8077-CA61-EC644D6958AA} = {AE09C3B7-58AC-4A68-9884-1F93FDA5D785}
		{DA70CC85-EF3A-DCD7-82E8-0F5DD38E3CC3} = {AE09C3B7-58AC-4A68-9884-1F93FDA5D785}
		{A1B2C3D4-E5F6-7890-ABCD-EF1234567890} = {AE09C3B7-58AC-4A68-9884-1F93FDA5D785}
		{B2C3D4E5-F6A7-8901-BCDE-F12345678901} = {AE09C3B7-58AC-4A68-9884-1F93FDA5D785}
		{C3D4E5F6-A7B8-9012-CDEF-123456789012} = {AE09C3B7-58AC-4A68-9884-1F93FDA5D785}
		{D4E5F6A7-B8C9-0123-DEFA-234567890123} = {46F3EDA8-A6D1-4707-8D03-731CADB41A56}
		{E5F6A7B8-C9D0-1234-EFAB-345678901234} = {46F3EDA8-A6D1-4707-8D03-731CADB41A56}
		{F6A7B8C9-D0E1-2345-FABC-456789012345} = {46F3EDA8-A6D1-4707-8D03-731CADB41A56}
		{1399412A-6A45-1434-E915-9AD4219CBEC8} = {07C2787E-EAC7-C090-1BA3-A61EC2A24D84}
		{F13A7B63-A520-46C9-AB5D-919036EE664A} = {1399412A-6A45-1434-E915-9AD4219CBEC8}
		{8D697525-C88E-4BDE-BE9A-0282E5C90EF3} = {1399412A-6A45-1434-E915-9AD4219CBEC8}
		{47721D1E-436C-4C07-B0EA-77B9F4EBB52E} = {1399412A-6A45-1434-E915-9AD4219CBEC8}
		{DBA4A590-35D7-43E9-9A8D-C73743F0F2F5} = {1399412A-6A45-1434-E915-9AD4219CBEC8}
	EndGlobalSection
	GlobalSection(ExtensibilityGlobals) = postSolution
		SolutionGuid = {57CA0128-08DE-436F-B9F1-82C64F49BF67}
	EndGlobalSection
	GlobalSection(SharedMSBuildProjectFiles) = preSolution
		tests\TestShared\TestShared.projitems*{0d666d1d-af07-3129-6e6c-d801558e5667}*SharedItemsImports = 5
		src\CADShared\CADShared.projitems*{0f7c0562-e3cd-9f4d-8be3-cc1235b70d44}*SharedItemsImports = 5
		tests\TestShared\TestShared.projitems*{47c42ab4-c2f4-475b-899c-71fde57d926e}*SharedItemsImports = 5
		src\CADShared\CADShared.projitems*{5178502e-9a78-4588-b849-33ed439976b2}*SharedItemsImports = 13
		tests\TestShared\TestShared.projitems*{5d6e7f8a-9b0c-1d2e-3f4a-5b6c7d8e9f0a}*SharedItemsImports = 5
		src\CADShared\CADShared.projitems*{5f800223-dbd6-8077-ca61-ec644d6958aa}*SharedItemsImports = 5
		src\CADShared\CADShared.projitems*{c7030dc8-24bc-312c-56d2-406d1403d45a}*SharedItemsImports = 5
		tests\TestShared\TestShared.projitems*{ced63d2d-0af6-4831-806d-5e8e9b0d0a07}*SharedItemsImports = 13
		src\CADShared\CADShared.projitems*{da70cc85-ef3a-dcd7-82e8-0f5dd38e3cc3}*SharedItemsImports = 5
		tests\TestShared\TestShared.projitems*{dbec8790-ac05-0884-60ad-84a0a93b4165}*SharedItemsImports = 5
		src\CADShared\CADShared.projitems*{a1b2c3d4-e5f6-7890-abcd-ef1234567890}*SharedItemsImports = 5
		src\CADShared\CADShared.projitems*{b2c3d4e5-f6a7-8901-bcde-f12345678901}*SharedItemsImports = 5
		src\CADShared\CADShared.projitems*{c3d4e5f6-a7b8-9012-cdef-123456789012}*SharedItemsImports = 5
		tests\TestShared\TestShared.projitems*{d4e5f6a7-b8c9-0123-defa-234567890123}*SharedItemsImports = 5
		tests\TestShared\TestShared.projitems*{e5f6a7b8-c9d0-1234-efab-345678901234}*SharedItemsImports = 5
		tests\TestShared\TestShared.projitems*{f6a7b8c9-d0e1-2345-fabc-456789012345}*SharedItemsImports = 5
		tools\CadDiagnostics\CADDiagnosticsShared\CADDiagnosticsShared.projitems*{47721d1e-436c-4c07-b0ea-77b9f4ebb52e}*SharedItemsImports = 5
		tools\CadDiagnostics\CADDiagnosticsShared\CADDiagnosticsShared.projitems*{dba4a590-35d7-43e9-9a8d-c73743f0f2f5}*SharedItemsImports = 5
		tools\CadDiagnostics\CADDiagnosticsShared\CADDiagnosticsShared.projitems*{f13a7b63-a520-46c9-ab5d-919036ee664a}*SharedItemsImports = 13
		tools\CadDiagnostics\Platforms\AutoCad\CADDiagnostics.AutoCadShared.projitems*{47721d1e-436c-4c07-b0ea-77b9f4ebb52e}*SharedItemsImports = 5
		tools\CadDiagnostics\Platforms\AutoCad\CADDiagnostics.AutoCadShared.projitems*{8d697525-c88e-4bde-be9a-0282e5c90ef3}*SharedItemsImports = 13
		tools\CadDiagnostics\Platforms\AutoCad\CADDiagnostics.AutoCadShared.projitems*{dba4a590-35d7-43e9-9a8d-c73743f0f2f5}*SharedItemsImports = 5
	EndGlobalSection
EndGlobal
